PODS:
  - AFNetworking (3.1.0):
    - AFNetworking/NSURLSession (= 3.1.0)
    - AFNetworking/Reachability (= 3.1.0)
    - AFNetworking/Security (= 3.1.0)
    - AFNetworking/Serialization (= 3.1.0)
    - AFNetworking/UIKit (= 3.1.0)
  - AFNetworking/NSURLSession (3.1.0):
    - AFNetworking/Reachability
    - AFNetworking/Security
    - AFNetworking/Serialization
  - AFNetworking/Reachability (3.1.0)
  - AFNetworking/Security (3.1.0)
  - AFNetworking/Serialization (3.1.0)
  - AFNetworking/UIKit (3.1.0):
    - AFNetworking/NSURLSession
  - AMap3DMap (5.4.0):
    - AMapFoundation (~> 1.3)
  - AMapFoundation (1.4.2)
  - AMapLocation (2.5.0):
    - AMapFoundation (~> 1.4)
  - AMapSearch (5.4.0):
    - AMapFoundation (~> 1.4)
  - HappyDNS (0.3.12)
  - IQKeyboardManager (3.3.7)
  - JCore (1.1.6)
  - JPush (3.0.7):
    - JCore (~> 1.1.6)
  - Masonry (1.1.0)
  - MJExtension (3.0.13)
  - MJRefresh (3.1.15)
  - MLEmojiLabel (1.0.2):
    - TTTAttributedLabel (~> 1.13.4)
  - MOBFoundation (3.0.2)
  - ProgressHUD (2.51)
  - Qiniu (7.1.8):
    - AFNetworking (~> 3)
    - HappyDNS (~> 0.3)
  - SDWebImage (4.1.2):
    - SDWebImage/Core (= 4.1.2)
  - SDWebImage/Core (4.1.2)
  - SMSSDK (3.0.1):
    - MOBFoundation
  - SVProgressHUD (2.1.2)
  - TTTAttributedLabel (1.13.4)
  - UMengUShare/Core (6.4.6):
    - UMengUShare/Network
  - UMengUShare/Network (6.4.6)
  - UMengUShare/Social/ReducedQQ (6.4.6):
    - UMengUShare/Core
  - UMengUShare/Social/ReducedWeChat (6.4.6):
    - UMengUShare/Core
  - UMengUShare/UI (6.4.6):
    - UMengUShare/Core

DEPENDENCIES:
  - AFNetworking
  - AMap3DMap
  - AMapLocation
  - AMapSearch
  - IQKeyboardManager
  - JPush
  - Masonry
  - MJExtension
  - MJRefresh
  - MLEmojiLabel
  - ProgressHUD
  - Qiniu
  - SDWebImage
  - SMSSDK
  - SVProgressHUD
  - UMengUShare/Social/ReducedQQ
  - UMengUShare/Social/ReducedWeChat
  - UMengUShare/UI

SPEC CHECKSUMS:
  AFNetworking: 5e0e199f73d8626b11e79750991f5d173d1f8b67
  AMap3DMap: 3eb906ac6b9d488413ab26c24f67eca4b4ad4641
  AMapFoundation: 6c0471c9a6a0ad17dad46e3d800ad56ca170f82a
  AMapLocation: d02bd8c0081b0bc51b2e4cf89925ef57448263c9
  AMapSearch: 97042f81c1c8ea8adc4b1dadf1b1a688210aa141
  HappyDNS: 691a3041128055d09866f86e6e9ca90f24da1f18
  IQKeyboardManager: 249c3946acf61345c18b038eb50863fe2793e3a8
  JCore: 18fc8725124f26e55625eaf224659b3a999dcf63
  JPush: 111b79b8a0169ab8fd4c486dac3ed166ed69293e
  Masonry: 678fab65091a9290e40e2832a55e7ab731aad201
  MJExtension: 5932755f451458eefa24239358817f8d291240c7
  MJRefresh: 9af70f5f9327a2cf87f0fb5929f35fcc2fa638ea
  MLEmojiLabel: 36d73c19f9975cbf9def24e5bc135263b0337fd8
  MOBFoundation: d5e27c4638d911d3c7501aa5df458955d4814359
  ProgressHUD: 54b4c2fa202bf3da7dddc1c698ae4e6376333bd9
  Qiniu: 2f1b9d13904b6a7608a66a2d02c5b7b24575622a
  SDWebImage: cb6f9f266a9977741efcbc21e618e8be3734c774
  SMSSDK: a811c8ea6e89393097037b7cf6493248a40e50f0
  SVProgressHUD: c404a55d78acbeb7ebb78b76d3faf986475a6994
  TTTAttributedLabel: 0a2ac7b2dd726d32a070dafb01446026b11e624f
  UMengUShare: fdbbf86353976727af26a66e9a84314ecb59c816

PODFILE CHECKSUM: 41c5c1ecd26ea88826bedcec91403dd1f9009d13

COCOAPODS: 1.3.1
